
Microsoft Visual Studio Solution File, Format Version 12.00
# Visual Studio Version 17
VisualStudioVersion = 17.8.34525.116
MinimumVisualStudioVersion = 10.0.40219.1
Project("{9A19103F-16F7-4668-BE54-9A1E7A4F7556}") = "Exception.Handling", "Exception.Handling\Exception.Handling.csproj", "{F1277F85-9721-4096-9A27-BC682143FCC8}"
EndProject
Global
	GlobalSection(SolutionConfigurationPlatforms) = preSolution
		Debug|Any CPU = Debug|Any CPU
		Release|Any CPU = Release|Any CPU
	EndGlobalSection
	GlobalSection(ProjectConfigurationPlatforms) = postSolution
		{F1277F85-9721-4096-9A27-BC682143FCC8}.Debug|Any CPU.ActiveCfg = Debug|Any CPU
		{F1277F85-9721-4096-9A27-BC682143FCC8}.Debug|Any CPU.Build.0 = Debug|Any CPU
		{F1277F85-9721-4096-9A27-BC682143FCC8}.Release|Any CPU.ActiveCfg = Release|Any CPU
		{F1277F85-9721-4096-9A27-BC682143FCC8}.Release|Any CPU.Build.0 = Release|Any CPU
	EndGlobalSection
	GlobalSection(SolutionProperties) = preSolution
		HideSolutionNode = FALSE
	EndGlobalSection
	GlobalSection(ExtensibilityGlobals) = postSolution
		SolutionGuid = {1FE66FAC-8A1F-4E34-ACF4-ED350279096C}
	EndGlobalSection
EndGlobal
